
Microsoft Visual Studio Solution File, Format Version 12.00
# Visual Studio Version 16
VisualStudioVersion = 16.0.31129.286
MinimumVisualStudioVersion = 10.0.40219.1
Project("{8BC9CEB8-8B4A-11D0-8D11-00A0C91BC942}") = "OnTapCK", "OnTapCK.vcxproj", "{6E795350-8D38-4EA4-9D94-72AD180A33A9}"
EndProject
Project("{8BC9CEB8-8B4A-11D0-8D11-00A0C91BC942}") = "Bai2", "Bai2\Bai2.vcxproj", "{4C992535-4027-4359-AFA2-E2520F7C6B2C}"
EndProject
Global
	GlobalSection(SolutionConfigurationPlatforms) = preSolution
		Debug|x64 = Debug|x64
		Debug|x86 = Debug|x86
		Release|x64 = Release|x64
		Release|x86 = Release|x86
	EndGlobalSection
	GlobalSection(ProjectConfigurationPlatforms) = postSolution
		{6E795350-8D38-4EA4-9D94-72AD180A33A9}.Debug|x64.ActiveCfg = Debug|x64
		{6E795350-8D38-4EA4-9D94-72AD180A33A9}.Debug|x64.Build.0 = Debug|x64
		{6E795350-8D38-4EA4-9D94-72AD180A33A9}.Debug|x86.ActiveCfg = Debug|Win32
		{6E795350-8D38-4EA4-9D94-72AD180A33A9}.Debug|x86.Build.0 = Debug|Win32
		{6E795350-8D38-4EA4-9D94-72AD180A33A9}.Release|x64.ActiveCfg = Release|x64
		{6E795350-8D38-4EA4-9D94-72AD180A33A9}.Release|x64.Build.0 = Release|x64
		{6E795350-8D38-4EA4-9D94-72AD180A33A9}.Release|x86.ActiveCfg = Release|Win32
		{6E795350-8D38-4EA4-9D94-72AD180A33A9}.Release|x86.Build.0 = Release|Win32
		{4C992535-4027-4359-AFA2-E2520F7C6B2C}.Debug|x64.ActiveCfg = Debug|x64
		{4C992535-4027-4359-AFA2-E2520F7C6B2C}.Debug|x64.Build.0 = Debug|x64
		{4C992535-4027-4359-AFA2-E2520F7C6B2C}.Debug|x86.ActiveCfg = Debug|Win32
		{4C992535-4027-4359-AFA2-E2520F7C6B2C}.Debug|x86.Build.0 = Debug|Win32
		{4C992535-4027-4359-AFA2-E2520F7C6B2C}.Release|x64.ActiveCfg = Release|x64
		{4C992535-4027-4359-AFA2-E2520F7C6B2C}.Release|x64.Build.0 = Release|x64
		{4C992535-4027-4359-AFA2-E2520F7C6B2C}.Release|x86.ActiveCfg = Release|Win32
		{4C992535-4027-4359-AFA2-E2520F7C6B2C}.Release|x86.Build.0 = Release|Win32
	EndGlobalSection
	GlobalSection(SolutionProperties) = preSolution
		HideSolutionNode = FALSE
	EndGlobalSection
	GlobalSection(ExtensibilityGlobals) = postSolution
		SolutionGuid = {F1C4907C-6634-4393-910A-62E388F6C056}
	EndGlobalSection
EndGlobal
